<?xml version="1.0" encoding="utf-8"?>
<Project ToolsVersion="4.0" xmlns="http://schemas.microsoft.com/developer/msbuild/2003">
  <ItemGroup>
    <ClInclude Include="precompiled.h">
      <Filter>Header Files</Filter>
    </ClInclude>
    <ClInclude Include="dllexport.h">
      <Filter>Header Files</Filter>
    </ClInclude>
    <ClInclude Include="TMathValue.h">
      <Filter>Templates</Filter>
    </ClInclude>
    <ClInclude Include="TDimensionObject.h">
      <Filter>Templates</Filter>
    </ClInclude>
    <ClInclude Include="FPoint3.h">
      <Filter>Types</Filter>
    </ClInclude>
  </ItemGroup>
  <ItemGroup>
    <Filter Include="Header Files">
      <UniqueIdentifier>{24367427-f84d-45c8-b560-5d98c9a0e749}</UniqueIdentifier>
    </Filter>
    <Filter Include="Templates">
      <UniqueIdentifier>{fb032905-7319-4e80-aed7-3924a930a646}</UniqueIdentifier>
    </Filter>
    <Filter Include="Interfaces">
      <UniqueIdentifier>{a2125815-adae-427c-ab62-0b22938614bd}</UniqueIdentifier>
    </Filter>
    <Filter Include="Types">
      <UniqueIdentifier>{a6a5326c-5913-4d83-8fe0-9abd323e83a1}</UniqueIdentifier>
    </Filter>
  </ItemGroup>
  <ItemGroup>
    <ClCompile Include="FPoint3.cpp">
      <Filter>Types</Filter>
    </ClCompile>
  </ItemGroup>
</Project>